
Microsoft Visual Studio Solution File, Format Version 12.00
# Visual Studio 15
VisualStudioVersion = 15.0.28307.168
MinimumVisualStudioVersion = 10.0.40219.1
Project("{FAE04EC0-301F-11D3-BF4B-00C04F79EFBC}") = "Webapi", "Webapi\Webapi.csproj", "{5D5BDA49-37CA-4DC8-A4CB-EB1C782FE6CB}"
EndProject
Global
	GlobalSection(SolutionConfigurationPlatforms) = preSolution
		Debug|Any CPU = Debug|Any CPU
		Release|Any CPU = Release|Any CPU
	EndGlobalSection
	GlobalSection(ProjectConfigurationPlatforms) = postSolution
		{5D5BDA49-37CA-4DC8-A4CB-EB1C782FE6CB}.Debug|Any CPU.ActiveCfg = Debug|Any CPU
		{5D5BDA49-37CA-4DC8-A4CB-EB1C782FE6CB}.Debug|Any CPU.Build.0 = Debug|Any CPU
		{5D5BDA49-37CA-4DC8-A4CB-EB1C782FE6CB}.Release|Any CPU.ActiveCfg = Release|Any CPU
		{5D5BDA49-37CA-4DC8-A4CB-EB1C782FE6CB}.Release|Any CPU.Build.0 = Release|Any CPU
	EndGlobalSection
	GlobalSection(SolutionProperties) = preSolution
		HideSolutionNode = FALSE
	EndGlobalSection
	GlobalSection(ExtensibilityGlobals) = postSolution
		SolutionGuid = {A05B711B-79A0-4E24-8E11-DEB1564AD432}
	EndGlobalSection
EndGlobal
